
Microsoft Visual Studio Solution File, Format Version 12.00
# Visual Studio Version 16
VisualStudioVersion = 16.0.31019.35
MinimumVisualStudioVersion = 10.0.40219.1
Project("{FAE04EC0-301F-11D3-BF4B-00C04F79EFBC}") = "Program", "Program\Program.csproj", "{9193F26F-4ACA-4065-BED4-5385C378E365}"
EndProject
Global
	GlobalSection(SolutionConfigurationPlatforms) = preSolution
		Debug|Any CPU = Debug|Any CPU
		Release|Any CPU = Release|Any CPU
	EndGlobalSection
	GlobalSection(ProjectConfigurationPlatforms) = postSolution
		{9193F26F-4ACA-4065-BED4-5385C378E365}.Debug|Any CPU.ActiveCfg = Debug|Any CPU
		{9193F26F-4ACA-4065-BED4-5385C378E365}.Debug|Any CPU.Build.0 = Debug|Any CPU
		{9193F26F-4ACA-4065-BED4-5385C378E365}.Release|Any CPU.ActiveCfg = Release|Any CPU
		{9193F26F-4ACA-4065-BED4-5385C378E365}.Release|Any CPU.Build.0 = Release|Any CPU
	EndGlobalSection
	GlobalSection(SolutionProperties) = preSolution
		HideSolutionNode = FALSE
	EndGlobalSection
	GlobalSection(ExtensibilityGlobals) = postSolution
		SolutionGuid = {A257EE24-4EE1-4114-9233-31173C79E174}
	EndGlobalSection
EndGlobal
