
Microsoft Visual Studio Solution File, Format Version 12.00
# Visual Studio Version 16
VisualStudioVersion = 16.0.31019.35
MinimumVisualStudioVersion = 10.0.40219.1
Project("{FAE04EC0-301F-11D3-BF4B-00C04F79EFBC}") = "Sample6_ComputeAve", "Sample6_ComputeAve\Sample6_ComputeAve.csproj", "{D4BB8A30-E266-40B1-AC45-42D8BCDAACCF}"
EndProject
Global
	GlobalSection(SolutionConfigurationPlatforms) = preSolution
		Debug|Any CPU = Debug|Any CPU
		Release|Any CPU = Release|Any CPU
	EndGlobalSection
	GlobalSection(ProjectConfigurationPlatforms) = postSolution
		{D4BB8A30-E266-40B1-AC45-42D8BCDAACCF}.Debug|Any CPU.ActiveCfg = Debug|Any CPU
		{D4BB8A30-E266-40B1-AC45-42D8BCDAACCF}.Debug|Any CPU.Build.0 = Debug|Any CPU
		{D4BB8A30-E266-40B1-AC45-42D8BCDAACCF}.Release|Any CPU.ActiveCfg = Release|Any CPU
		{D4BB8A30-E266-40B1-AC45-42D8BCDAACCF}.Release|Any CPU.Build.0 = Release|Any CPU
	EndGlobalSection
	GlobalSection(SolutionProperties) = preSolution
		HideSolutionNode = FALSE
	EndGlobalSection
	GlobalSection(ExtensibilityGlobals) = postSolution
		SolutionGuid = {32B1A9D1-F0FC-46C2-910D-22E62ADEF6CD}
	EndGlobalSection
EndGlobal
