
Microsoft Visual Studio Solution File, Format Version 12.00
# Visual Studio Version 16
VisualStudioVersion = 16.0.31019.35
MinimumVisualStudioVersion = 10.0.40219.1
Project("{FAE04EC0-301F-11D3-BF4B-00C04F79EFBC}") = "Sample7_DeclaringConstants", "Sample7_DeclaringConstants\Sample7_DeclaringConstants.csproj", "{45D751A6-DAEA-4624-9FD8-879415D7D34B}"
EndProject
Global
	GlobalSection(SolutionConfigurationPlatforms) = preSolution
		Debug|Any CPU = Debug|Any CPU
		Release|Any CPU = Release|Any CPU
	EndGlobalSection
	GlobalSection(ProjectConfigurationPlatforms) = postSolution
		{45D751A6-DAEA-4624-9FD8-879415D7D34B}.Debug|Any CPU.ActiveCfg = Debug|Any CPU
		{45D751A6-DAEA-4624-9FD8-879415D7D34B}.Debug|Any CPU.Build.0 = Debug|Any CPU
		{45D751A6-DAEA-4624-9FD8-879415D7D34B}.Release|Any CPU.ActiveCfg = Release|Any CPU
		{45D751A6-DAEA-4624-9FD8-879415D7D34B}.Release|Any CPU.Build.0 = Release|Any CPU
	EndGlobalSection
	GlobalSection(SolutionProperties) = preSolution
		HideSolutionNode = FALSE
	EndGlobalSection
	GlobalSection(ExtensibilityGlobals) = postSolution
		SolutionGuid = {6DD7E5E5-7CFD-494C-AA95-B12297DD0F5F}
	EndGlobalSection
EndGlobal
